// !$*UTF8*$!
{
	archiveVersion = 1;
	classes = {
	};
	objectVersion = 46;
	objects = {

/* Begin PBXBuildFile section */
		3E76C65A1EF176FA00B199F6 /* AppDelegate.swift in Sources */ = {isa = PBXBuildFile; fileRef = 3E76C6591EF176FA00B199F6 /* AppDelegate.swift */; };
		3E76C65C1EF176FA00B199F6 /* ViewController.swift in Sources */ = {isa = PBXBuildFile; fileRef = 3E76C65B1EF176FA00B199F6 /* ViewController.swift */; };
		3E76C65F1EF176FA00B199F6 /* Main.storyboard in Resources */ = {isa = PBXBuildFile; fileRef = 3E76C65D1EF176FA00B199F6 /* Main.storyboard */; };
		3E76C6611EF176FA00B199F6 /* Assets.xcassets in Resources */ = {isa = PBXBuildFile; fileRef = 3E76C6601EF176FA00B199F6 /* Assets.xcassets */; };
		3E76C6641EF176FA00B199F6 /* LaunchScreen.storyboard in Resources */ = {isa = PBXBuildFile; fileRef = 3E76C6621EF176FA00B199F6 /* LaunchScreen.storyboard */; };
		3E76C66F1EF176FA00B199F6 /* d03Tests.swift in Sources */ = {isa = PBXBuildFile; fileRef = 3E76C66E1EF176FA00B199F6 /* d03Tests.swift */; };
		3E76C67A1EF176FA00B199F6 /* d03UITests.swift in Sources */ = {isa = PBXBuildFile; fileRef = 3E76C6791EF176FA00B199F6 /* d03UITests.swift */; };
		3E76C68C1EF1821900B199F6 /* MyCollectionViewCell.swift in Sources */ = {isa = PBXBuildFile; fileRef = 3E76C68B1EF1821900B199F6 /* MyCollectionViewCell.swift */; };
		3E9984991EF2C248006EBB13 /* ImagesViewController.swift in Sources */ = {isa = PBXBuildFile; fileRef = 3E9984981EF2C248006EBB13 /* ImagesViewController.swift */; };
/* End PBXBuildFile section */

/* Begin PBXContainerItemProxy section */
		3E76C66B1EF176FA00B199F6 /* PBXContainerItemProxy */ = {
			isa = PBXContainerItemProxy;
			containerPortal = 3E76C64E1EF176FA00B199F6 /* Project object */;
			proxyType = 1;
			remoteGlobalIDString = 3E76C6551EF176FA00B199F6;
			remoteInfo = d03;
		};
		3E76C6761EF176FA00B199F6 /* PBXContainerItemProxy */ = {
			isa = PBXContainerItemProxy;
			containerPortal = 3E76C64E1EF176FA00B199F6 /* Project object */;
			proxyType = 1;
			remoteGlobalIDString = 3E76C6551EF176FA00B199F6;
			remoteInfo = d03;
		};
/* End PBXContainerItemProxy section */

/* Begin PBXFileReference section */
		3E76C6561EF176FA00B199F6 /* d03.app */ = {isa = PBXFileReference; explicitFileType = wrapper.application; includeInIndex = 0; path = d03.app; sourceTree = BUILT_PRODUCTS_DIR; };
		3E76C6591EF176FA00B199F6 /* AppDelegate.swift */ = {isa = PBXFileReference; lastKnownFileType = sourcecode.swift; path = AppDelegate.swift; sourceTree = "<group>"; };
		3E76C65B1EF176FA00B199F6 /* ViewController.swift */ = {isa = PBXFileReference; lastKnownFileType = sourcecode.swift; path = ViewController.swift; sourceTree = "<group>"; };
		3E76C65E1EF176FA00B199F6 /* Base */ = {isa = PBXFileReference; lastKnownFileType = file.storyboard; name = Base; path = Base.lproj/Main.storyboard; sourceTree = "<group>"; };
		3E76C6601EF176FA00B199F6 /* Assets.xcassets */ = {isa = PBXFileReference; lastKnownFileType = folder.assetcatalog; path = Assets.xcassets; sourceTree = "<group>"; };
		3E76C6631EF176FA00B199F6 /* Base */ = {isa = PBXFileReference; lastKnownFileType = file.storyboard; name = Base; path = Base.lproj/LaunchScreen.storyboard; sourceTree = "<group>"; };
		3E76C6651EF176FA00B199F6 /* Info.plist */ = {isa = PBXFileReference; lastKnownFileType = text.plist.xml; path = Info.plist; sourceTree = "<group>"; };
		3E76C66A1EF176FA00B199F6 /* d03Tests.xctest */ = {isa = PBXFileReference; explicitFileType = wrapper.cfbundle; includeInIndex = 0; path = d03Tests.xctest; sourceTree = BUILT_PRODUCTS_DIR; };
		3E76C66E1EF176FA00B199F6 /* d03Tests.swift */ = {isa = PBXFileReference; lastKnownFileType = sourcecode.swift; path = d03Tests.swift; sourceTree = "<group>"; };
		3E76C6701EF176FA00B199F6 /* Info.plist */ = {isa = PBXFileReference; lastKnownFileType = text.plist.xml; path = Info.plist; sourceTree = "<group>"; };
		3E76C6751EF176FA00B199F6 /* d03UITests.xctest */ = {isa = PBXFileReference; explicitFileType = wrapper.cfbundle; includeInIndex = 0; path = d03UITests.xctest; sourceTree = BUILT_PRODUCTS_DIR; };
		3E76C6791EF176FA00B199F6 /* d03UITests.swift */ = {isa = PBXFileReference; lastKnownFileType = sourcecode.swift; path = d03UITests.swift; sourceTree = "<group>"; };
		3E76C67B1EF176FA00B199F6 /* Info.plist */ = {isa = PBXFileReference; lastKnownFileType = text.plist.xml; path = Info.plist; sourceTree = "<group>"; };
		3E76C68B1EF1821900B199F6 /* MyCollectionViewCell.swift */ = {isa = PBXFileReference; fileEncoding = 4; lastKnownFileType = sourcecode.swift; path = MyCollectionViewCell.swift; sourceTree = "<group>"; };
		3E9984981EF2C248006EBB13 /* ImagesViewController.swift */ = {isa = PBXFileReference; fileEncoding = 4; lastKnownFileType = sourcecode.swift; path = ImagesViewController.swift; sourceTree = "<group>"; };
/* End PBXFileReference section */

/* Begin PBXFrameworksBuildPhase section */
		3E76C6531EF176FA00B199F6 /* Frameworks */ = {
			isa = PBXFrameworksBuildPhase;
			buildActionMask = 2147483647;
			files = (
			);
			runOnlyForDeploymentPostprocessing = 0;
		};
		3E76C6671EF176FA00B199F6 /* Frameworks */ = {
			isa = PBXFrameworksBuildPhase;
			buildActionMask = 2147483647;
			files = (
			);
			runOnlyForDeploymentPostprocessing = 0;
		};
		3E76C6721EF176FA00B199F6 /* Frameworks */ = {
			isa = PBXFrameworksBuildPhase;
			buildActionMask = 2147483647;
			files = (
			);
			runOnlyForDeploymentPostprocessing = 0;
		};
/* End PBXFrameworksBuildPhase section */

/* Begin PBXGroup section */
		3E76C64D1EF176FA00B199F6 = {
			isa = PBXGroup;
			children = (
				3E76C6581EF176FA00B199F6 /* d03 */,
				3E76C66D1EF176FA00B199F6 /* d03Tests */,
				3E76C6781EF176FA00B199F6 /* d03UITests */,
				3E76C6571EF176FA00B199F6 /* Products */,
			);
			sourceTree = "<group>";
		};
		3E76C6571EF176FA00B199F6 /* Products */ = {
			isa = PBXGroup;
			children = (
				3E76C6561EF176FA00B199F6 /* d03.app */,
				3E76C66A1EF176FA00B199F6 /* d03Tests.xctest */,
				3E76C6751EF176FA00B199F6 /* d03UITests.xctest */,
			);
			name = Products;
			sourceTree = "<group>";
		};
		3E76C6581EF176FA00B199F6 /* d03 */ = {
			isa = PBXGroup;
			children = (
				3E76C6591EF176FA00B199F6 /* AppDelegate.swift */,
				3E76C65B1EF176FA00B199F6 /* ViewController.swift */,
				3E76C68B1EF1821900B199F6 /* MyCollectionViewCell.swift */,
				3E9984981EF2C248006EBB13 /* ImagesViewController.swift */,
				3E76C65D1EF176FA00B199F6 /* Main.storyboard */,
				3E76C6601EF176FA00B199F6 /* Assets.xcassets */,
				3E76C6621EF176FA00B199F6 /* LaunchScreen.storyboard */,
				3E76C6651EF176FA00B199F6 /* Info.plist */,
			);
			path = d03;
			sourceTree = "<group>";
		};
		3E76C66D1EF176FA00B199F6 /* d03Tests */ = {
			isa = PBXGroup;
			children = (
				3E76C66E1EF176FA00B199F6 /* d03Tests.swift */,
				3E76C6701EF176FA00B199F6 /* Info.plist */,
			);
			path = d03Tests;
			sourceTree = "<group>";
		};
		3E76C6781EF176FA00B199F6 /* d03UITests */ = {
			isa = PBXGroup;
			children = (
				3E76C6791EF176FA00B199F6 /* d03UITests.swift */,
				3E76C67B1EF176FA00B199F6 /* Info.plist */,
			);
			path = d03UITests;
			sourceTree = "<group>";
		};
/* End PBXGroup section */

/* Begin PBXNativeTarget section */
		3E76C6551EF176FA00B199F6 /* d03 */ = {
			isa = PBXNativeTarget;
			buildConfigurationList = 3E76C67E1EF176FA00B199F6 /* Build configuration list for PBXNativeTarget "d03" */;
			buildPhases = (
				3E76C6521EF176FA00B199F6 /* Sources */,
				3E76C6531EF176FA00B199F6 /* Frameworks */,
				3E76C6541EF176FA00B199F6 /* Resources */,
			);
			buildRules = (
			);
			dependencies = (
			);
			name = d03;
			productName = d03;
			productReference = 3E76C6561EF176FA00B199F6 /* d03.app */;
			productType = "com.apple.product-type.application";
		};
		3E76C6691EF176FA00B199F6 /* d03Tests */ = {
			isa = PBXNativeTarget;
			buildConfigurationList = 3E76C6811EF176FA00B199F6 /* Build configuration list for PBXNativeTarget "d03Tests" */;
			buildPhases = (
				3E76C6661EF176FA00B199F6 /* Sources */,
				3E76C6671EF176FA00B199F6 /* Frameworks */,
				3E76C6681EF176FA00B199F6 /* Resources */,
			);
			buildRules = (
			);
			dependencies = (
				3E76C66C1EF176FA00B199F6 /* PBXTargetDependency */,
			);
			name = d03Tests;
			productName = d03Tests;
			productReference = 3E76C66A1EF176FA00B199F6 /* d03Tests.xctest */;
			productType = "com.apple.product-type.bundle.unit-test";
		};
		3E76C6741EF176FA00B199F6 /* d03UITests */ = {
			isa = PBXNativeTarget;
			buildConfigurationList = 3E76C6841EF176FA00B199F6 /* Build configuration list for PBXNativeTarget "d03UITests" */;
			buildPhases = (
				3E76C6711EF176FA00B199F6 /* Sources */,
				3E76C6721EF176FA00B199F6 /* Frameworks */,
				3E76C6731EF176FA00B199F6 /* Resources */,
			);
			buildRules = (
			);
			dependencies = (
				3E76C6771EF176FA00B199F6 /* PBXTargetDependency */,
			);
			name = d03UITests;
			productName = d03UITests;
			productReference = 3E76C6751EF176FA00B199F6 /* d03UITests.xctest */;
			productType = "com.apple.product-type.bundle.ui-testing";
		};
/* End PBXNativeTarget section */

/* Begin PBXProject section */
		3E76C64E1EF176FA00B199F6 /* Project object */ = {
			isa = PBXProject;
			attributes = {
				LastSwiftUpdateCheck = 0820;
				LastUpgradeCheck = 0820;
				ORGANIZATIONNAME = "Sergio VELHINHO";
				TargetAttributes = {
					3E76C6551EF176FA00B199F6 = {
						CreatedOnToolsVersion = 8.2.1;
						ProvisioningStyle = Automatic;
					};
					3E76C6691EF176FA00B199F6 = {
						CreatedOnToolsVersion = 8.2.1;
						ProvisioningStyle = Automatic;
						TestTargetID = 3E76C6551EF176FA00B199F6;
					};
					3E76C6741EF176FA00B199F6 = {
						CreatedOnToolsVersion = 8.2.1;
						ProvisioningStyle = Automatic;
						TestTargetID = 3E76C6551EF176FA00B199F6;
					};
				};
			};
			buildConfigurationList = 3E76C6511EF176FA00B199F6 /* Build configuration list for PBXProject "d03" */;
			compatibilityVersion = "Xcode 3.2";
			developmentRegion = English;
			hasScannedForEncodings = 0;
			knownRegions = (
				en,
				Base,
			);
			mainGroup = 3E76C64D1EF176FA00B199F6;
			productRefGroup = 3E76C6571EF176FA00B199F6 /* Products */;
			projectDirPath = "";
			projectRoot = "";
			targets = (
				3E76C6551EF176FA00B199F6 /* d03 */,
				3E76C6691EF176FA00B199F6 /* d03Tests */,
				3E76C6741EF176FA00B199F6 /* d03UITests */,
			);
		};
/* End PBXProject section */

/* Begin PBXResourcesBuildPhase section */
		3E76C6541EF176FA00B199F6 /* Resources */ = {
			isa = PBXResourcesBuildPhase;
			buildActionMask = 2147483647;
			files = (
				3E76C6641EF176FA00B199F6 /* LaunchScreen.storyboard in Resources */,
				3E76C6611EF176FA00B199F6 /* Assets.xcassets in Resources */,
				3E76C65F1EF176FA00B199F6 /* Main.storyboard in Resources */,
			);
			runOnlyForDeploymentPostprocessing = 0;
		};
		3E76C6681EF176FA00B199F6 /* Resources */ = {
			isa = PBXResourcesBuildPhase;
			buildActionMask = 2147483647;
			files = (
			);
			runOnlyForDeploymentPostprocessing = 0;
		};
		3E76C6731EF176FA00B199F6 /* Resources */ = {
			isa = PBXResourcesBuildPhase;
			buildActionMask = 2147483647;
			files = (
			);
			runOnlyForDeploymentPostprocessing = 0;
		};
/* End PBXResourcesBuildPhase section */

/* Begin PBXSourcesBuildPhase section */
		3E76C6521EF176FA00B199F6 /* Sources */ = {
			isa = PBXSourcesBuildPhase;
			buildActionMask = 2147483647;
			files = (
				3E76C65C1EF176FA00B199F6 /* ViewController.swift in Sources */,
				3E76C65A1EF176FA00B199F6 /* AppDelegate.swift in Sources */,
				3E9984991EF2C248006EBB13 /* ImagesViewController.swift in Sources */,
				3E76C68C1EF1821900B199F6 /* MyCollectionViewCell.swift in Sources */,
			);
			runOnlyForDeploymentPostprocessing = 0;
		};
		3E76C6661EF176FA00B199F6 /* Sources */ = {
			isa = PBXSourcesBuildPhase;
			buildActionMask = 2147483647;
			files = (
				3E76C66F1EF176FA00B199F6 /* d03Tests.swift in Sources */,
			);
			runOnlyForDeploymentPostprocessing = 0;
		};
		3E76C6711EF176FA00B199F6 /* Sources */ = {
			isa = PBXSourcesBuildPhase;
			buildActionMask = 2147483647;
			files = (
				3E76C67A1EF176FA00B199F6 /* d03UITests.swift in Sources */,
			);
			runOnlyForDeploymentPostprocessing = 0;
		};
/* End PBXSourcesBuildPhase section */

/* Begin PBXTargetDependency section */
		3E76C66C1EF176FA00B199F6 /* PBXTargetDependency */ = {
			isa = PBXTargetDependency;
			target = 3E76C6551EF176FA00B199F6 /* d03 */;
			targetProxy = 3E76C66B1EF176FA00B199F6 /* PBXContainerItemProxy */;
		};
		3E76C6771EF176FA00B199F6 /* PBXTargetDependency */ = {
			isa = PBXTargetDependency;
			target = 3E76C6551EF176FA00B199F6 /* d03 */;
			targetProxy = 3E76C6761EF176FA00B199F6 /* PBXContainerItemProxy */;
		};
/* End PBXTargetDependency section */

/* Begin PBXVariantGroup section */
		3E76C65D1EF176FA00B199F6 /* Main.storyboard */ = {
			isa = PBXVariantGroup;
			children = (
				3E76C65E1EF176FA00B199F6 /* Base */,
			);
			name = Main.storyboard;
			sourceTree = "<group>";
		};
		3E76C6621EF176FA00B199F6 /* LaunchScreen.storyboard */ = {
			isa = PBXVariantGroup;
			children = (
				3E76C6631EF176FA00B199F6 /* Base */,
			);
			name = LaunchScreen.storyboard;
			sourceTree = "<group>";
		};
/* End PBXVariantGroup section */

/* Begin XCBuildConfiguration section */
		3E76C67C1EF176FA00B199F6 /* Debug */ = {
			isa = XCBuildConfiguration;
			buildSettings = {
				ALWAYS_SEARCH_USER_PATHS = NO;
				CLANG_ANALYZER_NONNULL = YES;
				CLANG_CXX_LANGUAGE_STANDARD = "gnu++0x";
				CLANG_CXX_LIBRARY = "libc++";
				CLANG_ENABLE_MODULES = YES;
				CLANG_ENABLE_OBJC_ARC = YES;
				CLANG_WARN_BOOL_CONVERSION = YES;
				CLANG_WARN_CONSTANT_CONVERSION = YES;
				CLANG_WARN_DIRECT_OBJC_ISA_USAGE = YES_ERROR;
				CLANG_WARN_DOCUMENTATION_COMMENTS = YES;
				CLANG_WARN_EMPTY_BODY = YES;
				CLANG_WARN_ENUM_CONVERSION = YES;
				CLANG_WARN_INFINITE_RECURSION = YES;
				CLANG_WARN_INT_CONVERSION = YES;
				CLANG_WARN_OBJC_ROOT_CLASS = YES_ERROR;
				CLANG_WARN_SUSPICIOUS_MOVE = YES;
				CLANG_WARN_UNREACHABLE_CODE = YES;
				CLANG_WARN__DUPLICATE_METHOD_MATCH = YES;
				"CODE_SIGN_IDENTITY[sdk=iphoneos*]" = "iPhone Developer";
				COPY_PHASE_STRIP = NO;
				DEBUG_INFORMATION_FORMAT = dwarf;
				ENABLE_STRICT_OBJC_MSGSEND = YES;
				ENABLE_TESTABILITY = YES;
				GCC_C_LANGUAGE_STANDARD = gnu99;
				GCC_DYNAMIC_NO_PIC = NO;
				GCC_NO_COMMON_BLOCKS = YES;
				GCC_OPTIMIZATION_LEVEL = 0;
				GCC_PREPROCESSOR_DEFINITIONS = (
					"DEBUG=1",
					"$(inherited)",
				);
				GCC_WARN_64_TO_32_BIT_CONVERSION = YES;
				GCC_WARN_ABOUT_RETURN_TYPE = YES_ERROR;
				GCC_WARN_UNDECLARED_SELECTOR = YES;
				GCC_WARN_UNINITIALIZED_AUTOS = YES_AGGRESSIVE;
				GCC_WARN_UNUSED_FUNCTION = YES;
				GCC_WARN_UNUSED_VARIABLE = YES;
				IPHONEOS_DEPLOYMENT_TARGET = 10.2;
				MTL_ENABLE_DEBUG_INFO = YES;
				ONLY_ACTIVE_ARCH = YES;
				SDKROOT = iphoneos;
				SWIFT_ACTIVE_COMPILATION_CONDITIONS = DEBUG;
				SWIFT_OPTIMIZATION_LEVEL = "-Onone";
				TARGETED_DEVICE_FAMILY = "1,2";
			};
			name = Debug;
		};
		3E76C67D1EF176FA00B199F6 /* Release */ = {
			isa = XCBuildConfiguration;
			buildSettings = {
				ALWAYS_SEARCH_USER_PATHS = NO;
				CLANG_ANALYZER_NONNULL = YES;
				CLANG_CXX_LANGUAGE_STANDARD = "gnu++0x";
				CLANG_CXX_LIBRARY = "libc++";
				CLANG_ENABLE_MODULES = YES;
				CLANG_ENABLE_OBJC_ARC = YES;
				CLANG_WARN_BOOL_CONVERSION = YES;
				CLANG_WARN_CONSTANT_CONVERSION = YES;
				CLANG_WARN_DIRECT_OBJC_ISA_USAGE = YES_ERROR;
				CLANG_WARN_DOCUMENTATION_COMMENTS = YES;
				CLANG_WARN_EMPTY_BODY = YES;
				CLANG_WARN_ENUM_CONVERSION = YES;
				CLANG_WARN_INFINITE_RECURSION = YES;
				CLANG_WARN_INT_CONVERSION = YES;
				CLANG_WARN_OBJC_ROOT_CLASS = YES_ERROR;
				CLANG_WARN_SUSPICIOUS_MOVE = YES;
				CLANG_WARN_UNREACHABLE_CODE = YES;
				CLANG_WARN__DUPLICATE_METHOD_MATCH = YES;
				"CODE_SIGN_IDENTITY[sdk=iphoneos*]" = "iPhone Developer";
				COPY_PHASE_STRIP = NO;
				DEBUG_INFORMATION_FORMAT = "dwarf-with-dsym";
				ENABLE_NS_ASSERTIONS = NO;
				ENABLE_STRICT_OBJC_MSGSEND = YES;
				GCC_C_LANGUAGE_STANDARD = gnu99;
				GCC_NO_COMMON_BLOCKS = YES;
				GCC_WARN_64_TO_32_BIT_CONVERSION = YES;
				GCC_WARN_ABOUT_RETURN_TYPE = YES_ERROR;
				GCC_WARN_UNDECLARED_SELECTOR = YES;
				GCC_WARN_UNINITIALIZED_AUTOS = YES_AGGRESSIVE;
				GCC_WARN_UNUSED_FUNCTION = YES;
				GCC_WARN_UNUSED_VARIABLE = YES;
				IPHONEOS_DEPLOYMENT_TARGET = 10.2;
				MTL_ENABLE_DEBUG_INFO = NO;
				SDKROOT = iphoneos;
				SWIFT_OPTIMIZATION_LEVEL = "-Owholemodule";
				TARGETED_DEVICE_FAMILY = "1,2";
				VALIDATE_PRODUCT = YES;
			};
			name = Release;
		};
		3E76C67F1EF176FA00B199F6 /* Debug */ = {
			isa = XCBuildConfiguration;
			buildSettings = {
				ASSETCATALOG_COMPILER_APPICON_NAME = AppIcon;
				INFOPLIST_FILE = d03/Info.plist;
				LD_RUNPATH_SEARCH_PATHS = "$(inherited) @executable_path/Frameworks";
				PRODUCT_BUNDLE_IDENTIFIER = svelhinh.d03;
				PRODUCT_NAME = "$(TARGET_NAME)";
				SWIFT_VERSION = 3.0;
			};
			name = Debug;
		};
		3E76C6801EF176FA00B199F6 /* Release */ = {
			isa = XCBuildConfiguration;
			buildSettings = {
				ASSETCATALOG_COMPILER_APPICON_NAME = AppIcon;
				INFOPLIST_FILE = d03/Info.plist;
				LD_RUNPATH_SEARCH_PATHS = "$(inherited) @executable_path/Frameworks";
				PRODUCT_BUNDLE_IDENTIFIER = svelhinh.d03;
				PRODUCT_NAME = "$(TARGET_NAME)";
				SWIFT_VERSION = 3.0;
			};
			name = Release;
		};
		3E76C6821EF176FA00B199F6 /* Debug */ = {
			isa = XCBuildConfiguration;
			buildSettings = {
				ALWAYS_EMBED_SWIFT_STANDARD_LIBRARIES = YES;
				BUNDLE_LOADER = "$(TEST_HOST)";
				INFOPLIST_FILE = d03Tests/Info.plist;
				LD_RUNPATH_SEARCH_PATHS = "$(inherited) @executable_path/Frameworks @loader_path/Frameworks";
				PRODUCT_BUNDLE_IDENTIFIER = svelhinh.d03Tests;
				PRODUCT_NAME = "$(TARGET_NAME)";
				SWIFT_VERSION = 3.0;
				TEST_HOST = "$(BUILT_PRODUCTS_DIR)/d03.app/d03";
			};
			name = Debug;
		};
		3E76C6831EF176FA00B199F6 /* Release */ = {
			isa = XCBuildConfiguration;
			buildSettings = {
				ALWAYS_EMBED_SWIFT_STANDARD_LIBRARIES = YES;
				BUNDLE_LOADER = "$(TEST_HOST)";
				INFOPLIST_FILE = d03Tests/Info.plist;
				LD_RUNPATH_SEARCH_PATHS = "$(inherited) @executable_path/Frameworks @loader_path/Frameworks";
				PRODUCT_BUNDLE_IDENTIFIER = svelhinh.d03Tests;
				PRODUCT_NAME = "$(TARGET_NAME)";
				SWIFT_VERSION = 3.0;
				TEST_HOST = "$(BUILT_PRODUCTS_DIR)/d03.app/d03";
			};
			name = Release;
		};
		3E76C6851EF176FA00B199F6 /* Debug */ = {
			isa = XCBuildConfiguration;
			buildSettings = {
				ALWAYS_EMBED_SWIFT_STANDARD_LIBRARIES = YES;
				INFOPLIST_FILE = d03UITests/Info.plist;
				LD_RUNPATH_SEARCH_PATHS = "$(inherited) @executable_path/Frameworks @loader_path/Frameworks";
				PRODUCT_BUNDLE_IDENTIFIER = svelhinh.d03UITests;
				PRODUCT_NAME = "$(TARGET_NAME)";
				SWIFT_VERSION = 3.0;
				TEST_TARGET_NAME = d03;
			};
			name = Debug;
		};
		3E76C6861EF176FA00B199F6 /* Release */ = {
			isa = XCBuildConfiguration;
			buildSettings = {
				ALWAYS_EMBED_SWIFT_STANDARD_LIBRARIES = YES;
				INFOPLIST_FILE = d03UITests/Info.plist;
				LD_RUNPATH_SEARCH_PATHS = "$(inherited) @executable_path/Frameworks @loader_path/Frameworks";
				PRODUCT_BUNDLE_IDENTIFIER = svelhinh.d03UITests;
				PRODUCT_NAME = "$(TARGET_NAME)";
				SWIFT_VERSION = 3.0;
				TEST_TARGET_NAME = d03;
			};
			name = Release;
		};
/* End XCBuildConfiguration section */

/* Begin XCConfigurationList section */
		3E76C6511EF176FA00B199F6 /* Build configuration list for PBXProject "d03" */ = {
			isa = XCConfigurationList;
			buildConfigurations = (
				3E76C67C1EF176FA00B199F6 /* Debug */,
				3E76C67D1EF176FA00B199F6 /* Release */,
			);
			defaultConfigurationIsVisible = 0;
			defaultConfigurationName = Release;
		};
		3E76C67E1EF176FA00B199F6 /* Build configuration list for PBXNativeTarget "d03" */ = {
			isa = XCConfigurationList;
			buildConfigurations = (
				3E76C67F1EF176FA00B199F6 /* Debug */,
				3E76C6801EF176FA00B199F6 /* Release */,
			);
			defaultConfigurationIsVisible = 0;
			defaultConfigurationName = Release;
		};
		3E76C6811EF176FA00B199F6 /* Build configuration list for PBXNativeTarget "d03Tests" */ = {
			isa = XCConfigurationList;
			buildConfigurations = (
				3E76C6821EF176FA00B199F6 /* Debug */,
				3E76C6831EF176FA00B199F6 /* Release */,
			);
			defaultConfigurationIsVisible = 0;
			defaultConfigurationName = Release;
		};
		3E76C6841EF176FA00B199F6 /* Build configuration list for PBXNativeTarget "d03UITests" */ = {
			isa = XCConfigurationList;
			buildConfigurations = (
				3E76C6851EF176FA00B199F6 /* Debug */,
				3E76C6861EF176FA00B199F6 /* Release */,
			);
			defaultConfigurationIsVisible = 0;
			defaultConfigurationName = Release;
		};
/* End XCConfigurationList section */
	};
	rootObject = 3E76C64E1EF176FA00B199F6 /* Project object */;
}
