// !$*UTF8*$!
{
	archiveVersion = 1;
	classes = {
	};
	objectVersion = 46;
	objects = {

/* Begin PBXBuildFile section */
		3E21DB401EF144A600625DE4 /* AddPersonViewController.swift in Sources */ = {isa = PBXBuildFile; fileRef = 3E21DB3F1EF144A600625DE4 /* AddPersonViewController.swift */; };
		3E72BA2E1EF008FA002C820F /* AppDelegate.swift in Sources */ = {isa = PBXBuildFile; fileRef = 3E72BA2D1EF008FA002C820F /* AppDelegate.swift */; };
		3E72BA301EF008FA002C820F /* ViewController.swift in Sources */ = {isa = PBXBuildFile; fileRef = 3E72BA2F1EF008FA002C820F /* ViewController.swift */; };
		3E72BA331EF008FA002C820F /* Main.storyboard in Resources */ = {isa = PBXBuildFile; fileRef = 3E72BA311EF008FA002C820F /* Main.storyboard */; };
		3E72BA351EF008FA002C820F /* Assets.xcassets in Resources */ = {isa = PBXBuildFile; fileRef = 3E72BA341EF008FA002C820F /* Assets.xcassets */; };
		3E72BA381EF008FA002C820F /* LaunchScreen.storyboard in Resources */ = {isa = PBXBuildFile; fileRef = 3E72BA361EF008FA002C820F /* LaunchScreen.storyboard */; };
		3E72BA431EF008FA002C820F /* d02Tests.swift in Sources */ = {isa = PBXBuildFile; fileRef = 3E72BA421EF008FA002C820F /* d02Tests.swift */; };
		3E72BA4E1EF008FA002C820F /* d02UITests.swift in Sources */ = {isa = PBXBuildFile; fileRef = 3E72BA4D1EF008FA002C820F /* d02UITests.swift */; };
		3E72BA5C1EF009A2002C820F /* Data.swift in Sources */ = {isa = PBXBuildFile; fileRef = 3E72BA5B1EF009A2002C820F /* Data.swift */; };
		3E72BA5E1EF00C88002C820F /* PeopleTableViewCell.swift in Sources */ = {isa = PBXBuildFile; fileRef = 3E72BA5D1EF00C88002C820F /* PeopleTableViewCell.swift */; };
/* End PBXBuildFile section */

/* Begin PBXContainerItemProxy section */
		3E72BA3F1EF008FA002C820F /* PBXContainerItemProxy */ = {
			isa = PBXContainerItemProxy;
			containerPortal = 3E72BA221EF008F9002C820F /* Project object */;
			proxyType = 1;
			remoteGlobalIDString = 3E72BA291EF008F9002C820F;
			remoteInfo = d02;
		};
		3E72BA4A1EF008FA002C820F /* PBXContainerItemProxy */ = {
			isa = PBXContainerItemProxy;
			containerPortal = 3E72BA221EF008F9002C820F /* Project object */;
			proxyType = 1;
			remoteGlobalIDString = 3E72BA291EF008F9002C820F;
			remoteInfo = d02;
		};
/* End PBXContainerItemProxy section */

/* Begin PBXFileReference section */
		3E21DB3F1EF144A600625DE4 /* AddPersonViewController.swift */ = {isa = PBXFileReference; fileEncoding = 4; lastKnownFileType = sourcecode.swift; path = AddPersonViewController.swift; sourceTree = "<group>"; };
		3E72BA2A1EF008FA002C820F /* d02.app */ = {isa = PBXFileReference; explicitFileType = wrapper.application; includeInIndex = 0; path = d02.app; sourceTree = BUILT_PRODUCTS_DIR; };
		3E72BA2D1EF008FA002C820F /* AppDelegate.swift */ = {isa = PBXFileReference; lastKnownFileType = sourcecode.swift; path = AppDelegate.swift; sourceTree = "<group>"; };
		3E72BA2F1EF008FA002C820F /* ViewController.swift */ = {isa = PBXFileReference; lastKnownFileType = sourcecode.swift; path = ViewController.swift; sourceTree = "<group>"; };
		3E72BA321EF008FA002C820F /* Base */ = {isa = PBXFileReference; lastKnownFileType = file.storyboard; name = Base; path = Base.lproj/Main.storyboard; sourceTree = "<group>"; };
		3E72BA341EF008FA002C820F /* Assets.xcassets */ = {isa = PBXFileReference; lastKnownFileType = folder.assetcatalog; path = Assets.xcassets; sourceTree = "<group>"; };
		3E72BA371EF008FA002C820F /* Base */ = {isa = PBXFileReference; lastKnownFileType = file.storyboard; name = Base; path = Base.lproj/LaunchScreen.storyboard; sourceTree = "<group>"; };
		3E72BA391EF008FA002C820F /* Info.plist */ = {isa = PBXFileReference; lastKnownFileType = text.plist.xml; path = Info.plist; sourceTree = "<group>"; };
		3E72BA3E1EF008FA002C820F /* d02Tests.xctest */ = {isa = PBXFileReference; explicitFileType = wrapper.cfbundle; includeInIndex = 0; path = d02Tests.xctest; sourceTree = BUILT_PRODUCTS_DIR; };
		3E72BA421EF008FA002C820F /* d02Tests.swift */ = {isa = PBXFileReference; lastKnownFileType = sourcecode.swift; path = d02Tests.swift; sourceTree = "<group>"; };
		3E72BA441EF008FA002C820F /* Info.plist */ = {isa = PBXFileReference; lastKnownFileType = text.plist.xml; path = Info.plist; sourceTree = "<group>"; };
		3E72BA491EF008FA002C820F /* d02UITests.xctest */ = {isa = PBXFileReference; explicitFileType = wrapper.cfbundle; includeInIndex = 0; path = d02UITests.xctest; sourceTree = BUILT_PRODUCTS_DIR; };
		3E72BA4D1EF008FA002C820F /* d02UITests.swift */ = {isa = PBXFileReference; lastKnownFileType = sourcecode.swift; path = d02UITests.swift; sourceTree = "<group>"; };
		3E72BA4F1EF008FA002C820F /* Info.plist */ = {isa = PBXFileReference; lastKnownFileType = text.plist.xml; path = Info.plist; sourceTree = "<group>"; };
		3E72BA5B1EF009A2002C820F /* Data.swift */ = {isa = PBXFileReference; fileEncoding = 4; lastKnownFileType = sourcecode.swift; path = Data.swift; sourceTree = "<group>"; };
		3E72BA5D1EF00C88002C820F /* PeopleTableViewCell.swift */ = {isa = PBXFileReference; fileEncoding = 4; lastKnownFileType = sourcecode.swift; path = PeopleTableViewCell.swift; sourceTree = "<group>"; };
/* End PBXFileReference section */

/* Begin PBXFrameworksBuildPhase section */
		3E72BA271EF008F9002C820F /* Frameworks */ = {
			isa = PBXFrameworksBuildPhase;
			buildActionMask = 2147483647;
			files = (
			);
			runOnlyForDeploymentPostprocessing = 0;
		};
		3E72BA3B1EF008FA002C820F /* Frameworks */ = {
			isa = PBXFrameworksBuildPhase;
			buildActionMask = 2147483647;
			files = (
			);
			runOnlyForDeploymentPostprocessing = 0;
		};
		3E72BA461EF008FA002C820F /* Frameworks */ = {
			isa = PBXFrameworksBuildPhase;
			buildActionMask = 2147483647;
			files = (
			);
			runOnlyForDeploymentPostprocessing = 0;
		};
/* End PBXFrameworksBuildPhase section */

/* Begin PBXGroup section */
		3E72BA211EF008F9002C820F = {
			isa = PBXGroup;
			children = (
				3E72BA2C1EF008FA002C820F /* d02 */,
				3E72BA411EF008FA002C820F /* d02Tests */,
				3E72BA4C1EF008FA002C820F /* d02UITests */,
				3E72BA2B1EF008FA002C820F /* Products */,
			);
			sourceTree = "<group>";
		};
		3E72BA2B1EF008FA002C820F /* Products */ = {
			isa = PBXGroup;
			children = (
				3E72BA2A1EF008FA002C820F /* d02.app */,
				3E72BA3E1EF008FA002C820F /* d02Tests.xctest */,
				3E72BA491EF008FA002C820F /* d02UITests.xctest */,
			);
			name = Products;
			sourceTree = "<group>";
		};
		3E72BA2C1EF008FA002C820F /* d02 */ = {
			isa = PBXGroup;
			children = (
				3E72BA2D1EF008FA002C820F /* AppDelegate.swift */,
				3E72BA2F1EF008FA002C820F /* ViewController.swift */,
				3E21DB3F1EF144A600625DE4 /* AddPersonViewController.swift */,
				3E72BA311EF008FA002C820F /* Main.storyboard */,
				3E72BA341EF008FA002C820F /* Assets.xcassets */,
				3E72BA361EF008FA002C820F /* LaunchScreen.storyboard */,
				3E72BA391EF008FA002C820F /* Info.plist */,
				3E72BA5B1EF009A2002C820F /* Data.swift */,
				3E72BA5D1EF00C88002C820F /* PeopleTableViewCell.swift */,
			);
			path = d02;
			sourceTree = "<group>";
		};
		3E72BA411EF008FA002C820F /* d02Tests */ = {
			isa = PBXGroup;
			children = (
				3E72BA421EF008FA002C820F /* d02Tests.swift */,
				3E72BA441EF008FA002C820F /* Info.plist */,
			);
			path = d02Tests;
			sourceTree = "<group>";
		};
		3E72BA4C1EF008FA002C820F /* d02UITests */ = {
			isa = PBXGroup;
			children = (
				3E72BA4D1EF008FA002C820F /* d02UITests.swift */,
				3E72BA4F1EF008FA002C820F /* Info.plist */,
			);
			path = d02UITests;
			sourceTree = "<group>";
		};
/* End PBXGroup section */

/* Begin PBXNativeTarget section */
		3E72BA291EF008F9002C820F /* d02 */ = {
			isa = PBXNativeTarget;
			buildConfigurationList = 3E72BA521EF008FA002C820F /* Build configuration list for PBXNativeTarget "d02" */;
			buildPhases = (
				3E72BA261EF008F9002C820F /* Sources */,
				3E72BA271EF008F9002C820F /* Frameworks */,
				3E72BA281EF008F9002C820F /* Resources */,
			);
			buildRules = (
			);
			dependencies = (
			);
			name = d02;
			productName = d02;
			productReference = 3E72BA2A1EF008FA002C820F /* d02.app */;
			productType = "com.apple.product-type.application";
		};
		3E72BA3D1EF008FA002C820F /* d02Tests */ = {
			isa = PBXNativeTarget;
			buildConfigurationList = 3E72BA551EF008FA002C820F /* Build configuration list for PBXNativeTarget "d02Tests" */;
			buildPhases = (
				3E72BA3A1EF008FA002C820F /* Sources */,
				3E72BA3B1EF008FA002C820F /* Frameworks */,
				3E72BA3C1EF008FA002C820F /* Resources */,
			);
			buildRules = (
			);
			dependencies = (
				3E72BA401EF008FA002C820F /* PBXTargetDependency */,
			);
			name = d02Tests;
			productName = d02Tests;
			productReference = 3E72BA3E1EF008FA002C820F /* d02Tests.xctest */;
			productType = "com.apple.product-type.bundle.unit-test";
		};
		3E72BA481EF008FA002C820F /* d02UITests */ = {
			isa = PBXNativeTarget;
			buildConfigurationList = 3E72BA581EF008FA002C820F /* Build configuration list for PBXNativeTarget "d02UITests" */;
			buildPhases = (
				3E72BA451EF008FA002C820F /* Sources */,
				3E72BA461EF008FA002C820F /* Frameworks */,
				3E72BA471EF008FA002C820F /* Resources */,
			);
			buildRules = (
			);
			dependencies = (
				3E72BA4B1EF008FA002C820F /* PBXTargetDependency */,
			);
			name = d02UITests;
			productName = d02UITests;
			productReference = 3E72BA491EF008FA002C820F /* d02UITests.xctest */;
			productType = "com.apple.product-type.bundle.ui-testing";
		};
/* End PBXNativeTarget section */

/* Begin PBXProject section */
		3E72BA221EF008F9002C820F /* Project object */ = {
			isa = PBXProject;
			attributes = {
				LastSwiftUpdateCheck = 0820;
				LastUpgradeCheck = 0820;
				ORGANIZATIONNAME = "Sergio VELHINHO";
				TargetAttributes = {
					3E72BA291EF008F9002C820F = {
						CreatedOnToolsVersion = 8.2.1;
						ProvisioningStyle = Automatic;
					};
					3E72BA3D1EF008FA002C820F = {
						CreatedOnToolsVersion = 8.2.1;
						ProvisioningStyle = Automatic;
						TestTargetID = 3E72BA291EF008F9002C820F;
					};
					3E72BA481EF008FA002C820F = {
						CreatedOnToolsVersion = 8.2.1;
						ProvisioningStyle = Automatic;
						TestTargetID = 3E72BA291EF008F9002C820F;
					};
				};
			};
			buildConfigurationList = 3E72BA251EF008F9002C820F /* Build configuration list for PBXProject "d02" */;
			compatibilityVersion = "Xcode 3.2";
			developmentRegion = English;
			hasScannedForEncodings = 0;
			knownRegions = (
				en,
				Base,
			);
			mainGroup = 3E72BA211EF008F9002C820F;
			productRefGroup = 3E72BA2B1EF008FA002C820F /* Products */;
			projectDirPath = "";
			projectRoot = "";
			targets = (
				3E72BA291EF008F9002C820F /* d02 */,
				3E72BA3D1EF008FA002C820F /* d02Tests */,
				3E72BA481EF008FA002C820F /* d02UITests */,
			);
		};
/* End PBXProject section */

/* Begin PBXResourcesBuildPhase section */
		3E72BA281EF008F9002C820F /* Resources */ = {
			isa = PBXResourcesBuildPhase;
			buildActionMask = 2147483647;
			files = (
				3E72BA381EF008FA002C820F /* LaunchScreen.storyboard in Resources */,
				3E72BA351EF008FA002C820F /* Assets.xcassets in Resources */,
				3E72BA331EF008FA002C820F /* Main.storyboard in Resources */,
			);
			runOnlyForDeploymentPostprocessing = 0;
		};
		3E72BA3C1EF008FA002C820F /* Resources */ = {
			isa = PBXResourcesBuildPhase;
			buildActionMask = 2147483647;
			files = (
			);
			runOnlyForDeploymentPostprocessing = 0;
		};
		3E72BA471EF008FA002C820F /* Resources */ = {
			isa = PBXResourcesBuildPhase;
			buildActionMask = 2147483647;
			files = (
			);
			runOnlyForDeploymentPostprocessing = 0;
		};
/* End PBXResourcesBuildPhase section */

/* Begin PBXSourcesBuildPhase section */
		3E72BA261EF008F9002C820F /* Sources */ = {
			isa = PBXSourcesBuildPhase;
			buildActionMask = 2147483647;
			files = (
				3E72BA5E1EF00C88002C820F /* PeopleTableViewCell.swift in Sources */,
				3E72BA301EF008FA002C820F /* ViewController.swift in Sources */,
				3E72BA5C1EF009A2002C820F /* Data.swift in Sources */,
				3E72BA2E1EF008FA002C820F /* AppDelegate.swift in Sources */,
				3E21DB401EF144A600625DE4 /* AddPersonViewController.swift in Sources */,
			);
			runOnlyForDeploymentPostprocessing = 0;
		};
		3E72BA3A1EF008FA002C820F /* Sources */ = {
			isa = PBXSourcesBuildPhase;
			buildActionMask = 2147483647;
			files = (
				3E72BA431EF008FA002C820F /* d02Tests.swift in Sources */,
			);
			runOnlyForDeploymentPostprocessing = 0;
		};
		3E72BA451EF008FA002C820F /* Sources */ = {
			isa = PBXSourcesBuildPhase;
			buildActionMask = 2147483647;
			files = (
				3E72BA4E1EF008FA002C820F /* d02UITests.swift in Sources */,
			);
			runOnlyForDeploymentPostprocessing = 0;
		};
/* End PBXSourcesBuildPhase section */

/* Begin PBXTargetDependency section */
		3E72BA401EF008FA002C820F /* PBXTargetDependency */ = {
			isa = PBXTargetDependency;
			target = 3E72BA291EF008F9002C820F /* d02 */;
			targetProxy = 3E72BA3F1EF008FA002C820F /* PBXContainerItemProxy */;
		};
		3E72BA4B1EF008FA002C820F /* PBXTargetDependency */ = {
			isa = PBXTargetDependency;
			target = 3E72BA291EF008F9002C820F /* d02 */;
			targetProxy = 3E72BA4A1EF008FA002C820F /* PBXContainerItemProxy */;
		};
/* End PBXTargetDependency section */

/* Begin PBXVariantGroup section */
		3E72BA311EF008FA002C820F /* Main.storyboard */ = {
			isa = PBXVariantGroup;
			children = (
				3E72BA321EF008FA002C820F /* Base */,
			);
			name = Main.storyboard;
			sourceTree = "<group>";
		};
		3E72BA361EF008FA002C820F /* LaunchScreen.storyboard */ = {
			isa = PBXVariantGroup;
			children = (
				3E72BA371EF008FA002C820F /* Base */,
			);
			name = LaunchScreen.storyboard;
			sourceTree = "<group>";
		};
/* End PBXVariantGroup section */

/* Begin XCBuildConfiguration section */
		3E72BA501EF008FA002C820F /* Debug */ = {
			isa = XCBuildConfiguration;
			buildSettings = {
				ALWAYS_SEARCH_USER_PATHS = NO;
				CLANG_ANALYZER_NONNULL = YES;
				CLANG_CXX_LANGUAGE_STANDARD = "gnu++0x";
				CLANG_CXX_LIBRARY = "libc++";
				CLANG_ENABLE_MODULES = YES;
				CLANG_ENABLE_OBJC_ARC = YES;
				CLANG_WARN_BOOL_CONVERSION = YES;
				CLANG_WARN_CONSTANT_CONVERSION = YES;
				CLANG_WARN_DIRECT_OBJC_ISA_USAGE = YES_ERROR;
				CLANG_WARN_DOCUMENTATION_COMMENTS = YES;
				CLANG_WARN_EMPTY_BODY = YES;
				CLANG_WARN_ENUM_CONVERSION = YES;
				CLANG_WARN_INFINITE_RECURSION = YES;
				CLANG_WARN_INT_CONVERSION = YES;
				CLANG_WARN_OBJC_ROOT_CLASS = YES_ERROR;
				CLANG_WARN_SUSPICIOUS_MOVE = YES;
				CLANG_WARN_UNREACHABLE_CODE = YES;
				CLANG_WARN__DUPLICATE_METHOD_MATCH = YES;
				"CODE_SIGN_IDENTITY[sdk=iphoneos*]" = "iPhone Developer";
				COPY_PHASE_STRIP = NO;
				DEBUG_INFORMATION_FORMAT = dwarf;
				ENABLE_STRICT_OBJC_MSGSEND = YES;
				ENABLE_TESTABILITY = YES;
				GCC_C_LANGUAGE_STANDARD = gnu99;
				GCC_DYNAMIC_NO_PIC = NO;
				GCC_NO_COMMON_BLOCKS = YES;
				GCC_OPTIMIZATION_LEVEL = 0;
				GCC_PREPROCESSOR_DEFINITIONS = (
					"DEBUG=1",
					"$(inherited)",
				);
				GCC_WARN_64_TO_32_BIT_CONVERSION = YES;
				GCC_WARN_ABOUT_RETURN_TYPE = YES_ERROR;
				GCC_WARN_UNDECLARED_SELECTOR = YES;
				GCC_WARN_UNINITIALIZED_AUTOS = YES_AGGRESSIVE;
				GCC_WARN_UNUSED_FUNCTION = YES;
				GCC_WARN_UNUSED_VARIABLE = YES;
				IPHONEOS_DEPLOYMENT_TARGET = 10.2;
				MTL_ENABLE_DEBUG_INFO = YES;
				ONLY_ACTIVE_ARCH = YES;
				SDKROOT = iphoneos;
				SWIFT_ACTIVE_COMPILATION_CONDITIONS = DEBUG;
				SWIFT_OPTIMIZATION_LEVEL = "-Onone";
				TARGETED_DEVICE_FAMILY = "1,2";
			};
			name = Debug;
		};
		3E72BA511EF008FA002C820F /* Release */ = {
			isa = XCBuildConfiguration;
			buildSettings = {
				ALWAYS_SEARCH_USER_PATHS = NO;
				CLANG_ANALYZER_NONNULL = YES;
				CLANG_CXX_LANGUAGE_STANDARD = "gnu++0x";
				CLANG_CXX_LIBRARY = "libc++";
				CLANG_ENABLE_MODULES = YES;
				CLANG_ENABLE_OBJC_ARC = YES;
				CLANG_WARN_BOOL_CONVERSION = YES;
				CLANG_WARN_CONSTANT_CONVERSION = YES;
				CLANG_WARN_DIRECT_OBJC_ISA_USAGE = YES_ERROR;
				CLANG_WARN_DOCUMENTATION_COMMENTS = YES;
				CLANG_WARN_EMPTY_BODY = YES;
				CLANG_WARN_ENUM_CONVERSION = YES;
				CLANG_WARN_INFINITE_RECURSION = YES;
				CLANG_WARN_INT_CONVERSION = YES;
				CLANG_WARN_OBJC_ROOT_CLASS = YES_ERROR;
				CLANG_WARN_SUSPICIOUS_MOVE = YES;
				CLANG_WARN_UNREACHABLE_CODE = YES;
				CLANG_WARN__DUPLICATE_METHOD_MATCH = YES;
				"CODE_SIGN_IDENTITY[sdk=iphoneos*]" = "iPhone Developer";
				COPY_PHASE_STRIP = NO;
				DEBUG_INFORMATION_FORMAT = "dwarf-with-dsym";
				ENABLE_NS_ASSERTIONS = NO;
				ENABLE_STRICT_OBJC_MSGSEND = YES;
				GCC_C_LANGUAGE_STANDARD = gnu99;
				GCC_NO_COMMON_BLOCKS = YES;
				GCC_WARN_64_TO_32_BIT_CONVERSION = YES;
				GCC_WARN_ABOUT_RETURN_TYPE = YES_ERROR;
				GCC_WARN_UNDECLARED_SELECTOR = YES;
				GCC_WARN_UNINITIALIZED_AUTOS = YES_AGGRESSIVE;
				GCC_WARN_UNUSED_FUNCTION = YES;
				GCC_WARN_UNUSED_VARIABLE = YES;
				IPHONEOS_DEPLOYMENT_TARGET = 10.2;
				MTL_ENABLE_DEBUG_INFO = NO;
				SDKROOT = iphoneos;
				SWIFT_OPTIMIZATION_LEVEL = "-Owholemodule";
				TARGETED_DEVICE_FAMILY = "1,2";
				VALIDATE_PRODUCT = YES;
			};
			name = Release;
		};
		3E72BA531EF008FA002C820F /* Debug */ = {
			isa = XCBuildConfiguration;
			buildSettings = {
				ASSETCATALOG_COMPILER_APPICON_NAME = AppIcon;
				INFOPLIST_FILE = d02/Info.plist;
				LD_RUNPATH_SEARCH_PATHS = "$(inherited) @executable_path/Frameworks";
				PRODUCT_BUNDLE_IDENTIFIER = svelhinh.d02;
				PRODUCT_NAME = "$(TARGET_NAME)";
				SWIFT_VERSION = 3.0;
			};
			name = Debug;
		};
		3E72BA541EF008FA002C820F /* Release */ = {
			isa = XCBuildConfiguration;
			buildSettings = {
				ASSETCATALOG_COMPILER_APPICON_NAME = AppIcon;
				INFOPLIST_FILE = d02/Info.plist;
				LD_RUNPATH_SEARCH_PATHS = "$(inherited) @executable_path/Frameworks";
				PRODUCT_BUNDLE_IDENTIFIER = svelhinh.d02;
				PRODUCT_NAME = "$(TARGET_NAME)";
				SWIFT_VERSION = 3.0;
			};
			name = Release;
		};
		3E72BA561EF008FA002C820F /* Debug */ = {
			isa = XCBuildConfiguration;
			buildSettings = {
				ALWAYS_EMBED_SWIFT_STANDARD_LIBRARIES = YES;
				BUNDLE_LOADER = "$(TEST_HOST)";
				INFOPLIST_FILE = d02Tests/Info.plist;
				LD_RUNPATH_SEARCH_PATHS = "$(inherited) @executable_path/Frameworks @loader_path/Frameworks";
				PRODUCT_BUNDLE_IDENTIFIER = svelhinh.d02Tests;
				PRODUCT_NAME = "$(TARGET_NAME)";
				SWIFT_VERSION = 3.0;
				TEST_HOST = "$(BUILT_PRODUCTS_DIR)/d02.app/d02";
			};
			name = Debug;
		};
		3E72BA571EF008FA002C820F /* Release */ = {
			isa = XCBuildConfiguration;
			buildSettings = {
				ALWAYS_EMBED_SWIFT_STANDARD_LIBRARIES = YES;
				BUNDLE_LOADER = "$(TEST_HOST)";
				INFOPLIST_FILE = d02Tests/Info.plist;
				LD_RUNPATH_SEARCH_PATHS = "$(inherited) @executable_path/Frameworks @loader_path/Frameworks";
				PRODUCT_BUNDLE_IDENTIFIER = svelhinh.d02Tests;
				PRODUCT_NAME = "$(TARGET_NAME)";
				SWIFT_VERSION = 3.0;
				TEST_HOST = "$(BUILT_PRODUCTS_DIR)/d02.app/d02";
			};
			name = Release;
		};
		3E72BA591EF008FA002C820F /* Debug */ = {
			isa = XCBuildConfiguration;
			buildSettings = {
				ALWAYS_EMBED_SWIFT_STANDARD_LIBRARIES = YES;
				INFOPLIST_FILE = d02UITests/Info.plist;
				LD_RUNPATH_SEARCH_PATHS = "$(inherited) @executable_path/Frameworks @loader_path/Frameworks";
				PRODUCT_BUNDLE_IDENTIFIER = svelhinh.d02UITests;
				PRODUCT_NAME = "$(TARGET_NAME)";
				SWIFT_VERSION = 3.0;
				TEST_TARGET_NAME = d02;
			};
			name = Debug;
		};
		3E72BA5A1EF008FA002C820F /* Release */ = {
			isa = XCBuildConfiguration;
			buildSettings = {
				ALWAYS_EMBED_SWIFT_STANDARD_LIBRARIES = YES;
				INFOPLIST_FILE = d02UITests/Info.plist;
				LD_RUNPATH_SEARCH_PATHS = "$(inherited) @executable_path/Frameworks @loader_path/Frameworks";
				PRODUCT_BUNDLE_IDENTIFIER = svelhinh.d02UITests;
				PRODUCT_NAME = "$(TARGET_NAME)";
				SWIFT_VERSION = 3.0;
				TEST_TARGET_NAME = d02;
			};
			name = Release;
		};
/* End XCBuildConfiguration section */

/* Begin XCConfigurationList section */
		3E72BA251EF008F9002C820F /* Build configuration list for PBXProject "d02" */ = {
			isa = XCConfigurationList;
			buildConfigurations = (
				3E72BA501EF008FA002C820F /* Debug */,
				3E72BA511EF008FA002C820F /* Release */,
			);
			defaultConfigurationIsVisible = 0;
			defaultConfigurationName = Release;
		};
		3E72BA521EF008FA002C820F /* Build configuration list for PBXNativeTarget "d02" */ = {
			isa = XCConfigurationList;
			buildConfigurations = (
				3E72BA531EF008FA002C820F /* Debug */,
				3E72BA541EF008FA002C820F /* Release */,
			);
			defaultConfigurationIsVisible = 0;
			defaultConfigurationName = Release;
		};
		3E72BA551EF008FA002C820F /* Build configuration list for PBXNativeTarget "d02Tests" */ = {
			isa = XCConfigurationList;
			buildConfigurations = (
				3E72BA561EF008FA002C820F /* Debug */,
				3E72BA571EF008FA002C820F /* Release */,
			);
			defaultConfigurationIsVisible = 0;
			defaultConfigurationName = Release;
		};
		3E72BA581EF008FA002C820F /* Build configuration list for PBXNativeTarget "d02UITests" */ = {
			isa = XCConfigurationList;
			buildConfigurations = (
				3E72BA591EF008FA002C820F /* Debug */,
				3E72BA5A1EF008FA002C820F /* Release */,
			);
			defaultConfigurationIsVisible = 0;
			defaultConfigurationName = Release;
		};
/* End XCConfigurationList section */
	};
	rootObject = 3E72BA221EF008F9002C820F /* Project object */;
}
